
Microsoft Visual Studio Solution File, Format Version 12.00
# Visual Studio Version 16
VisualStudioVersion = 16.0.30406.217
MinimumVisualStudioVersion = 10.0.40219.1
Project("{FAE04EC0-301F-11D3-BF4B-00C04F79EFBC}") = "RestTEC", "RestTEC\RestTEC.csproj", "{03DDC899-80E8-4A8F-A1FE-FADFF882340B}"
EndProject
Global
	GlobalSection(SolutionConfigurationPlatforms) = preSolution
		Debug|Any CPU = Debug|Any CPU
		Release|Any CPU = Release|Any CPU
	EndGlobalSection
	GlobalSection(ProjectConfigurationPlatforms) = postSolution
		{03DDC899-80E8-4A8F-A1FE-FADFF882340B}.Debug|Any CPU.ActiveCfg = Debug|Any CPU
		{03DDC899-80E8-4A8F-A1FE-FADFF882340B}.Debug|Any CPU.Build.0 = Debug|Any CPU
		{03DDC899-80E8-4A8F-A1FE-FADFF882340B}.Release|Any CPU.ActiveCfg = Release|Any CPU
		{03DDC899-80E8-4A8F-A1FE-FADFF882340B}.Release|Any CPU.Build.0 = Release|Any CPU
	EndGlobalSection
	GlobalSection(SolutionProperties) = preSolution
		HideSolutionNode = FALSE
	EndGlobalSection
	GlobalSection(ExtensibilityGlobals) = postSolution
		SolutionGuid = {578A8408-5D2E-4960-9A9E-F3C4523AECA4}
	EndGlobalSection
EndGlobal
